
Microsoft Visual Studio Solution File, Format Version 12.00
# Visual Studio Version 16
VisualStudioVersion = 16.0.32510.428
MinimumVisualStudioVersion = 10.0.40219.1
Project("{FAE04EC0-301F-11D3-BF4B-00C04F79EFBC}") = "RepasoHTML", "RepasoHTML\RepasoHTML.csproj", "{74F00208-CF3E-4D02-924A-B05B6B6CAAFA}"
EndProject
Global
	GlobalSection(SolutionConfigurationPlatforms) = preSolution
		Debug|Any CPU = Debug|Any CPU
		Release|Any CPU = Release|Any CPU
	EndGlobalSection
	GlobalSection(ProjectConfigurationPlatforms) = postSolution
		{74F00208-CF3E-4D02-924A-B05B6B6CAAFA}.Debug|Any CPU.ActiveCfg = Debug|Any CPU
		{74F00208-CF3E-4D02-924A-B05B6B6CAAFA}.Debug|Any CPU.Build.0 = Debug|Any CPU
		{74F00208-CF3E-4D02-924A-B05B6B6CAAFA}.Release|Any CPU.ActiveCfg = Release|Any CPU
		{74F00208-CF3E-4D02-924A-B05B6B6CAAFA}.Release|Any CPU.Build.0 = Release|Any CPU
	EndGlobalSection
	GlobalSection(SolutionProperties) = preSolution
		HideSolutionNode = FALSE
	EndGlobalSection
	GlobalSection(ExtensibilityGlobals) = postSolution
		SolutionGuid = {83D2E803-90EE-4D8F-B11B-A05EAAD265F2}
	EndGlobalSection
EndGlobal
